
Microsoft Visual Studio Solution File, Format Version 12.00
# Visual Studio Version 16
VisualStudioVersion = 16.0.30225.117
MinimumVisualStudioVersion = 10.0.40219.1
Project("{8BC9CEB8-8B4A-11D0-8D11-00A0C91BC942}") = "sniffer", "sniffer\sniffer.vcxproj", "{2BF66E90-9400-4E5B-84C2-846066F69FB1}"
EndProject
Project("{8BC9CEB8-8B4A-11D0-8D11-00A0C91BC942}") = "libsniffer", "libsniffer\libsniffer.vcxproj", "{C8D5E886-E351-456D-9FBE-F948EEC62A3A}"
EndProject
Project("{8BC9CEB8-8B4A-11D0-8D11-00A0C91BC942}") = "tests", "tests\tests.vcxproj", "{ED6BC8FD-1267-4395-9104-A949E9BAA3C2}"
EndProject
Global
	GlobalSection(SolutionConfigurationPlatforms) = preSolution
		Debug|x64 = Debug|x64
		Debug|x86 = Debug|x86
		Release|x64 = Release|x64
		Release|x86 = Release|x86
	EndGlobalSection
	GlobalSection(ProjectConfigurationPlatforms) = postSolution
		{2BF66E90-9400-4E5B-84C2-846066F69FB1}.Debug|x64.ActiveCfg = Debug|x64
		{2BF66E90-9400-4E5B-84C2-846066F69FB1}.Debug|x64.Build.0 = Debug|x64
		{2BF66E90-9400-4E5B-84C2-846066F69FB1}.Debug|x86.ActiveCfg = Debug|Win32
		{2BF66E90-9400-4E5B-84C2-846066F69FB1}.Debug|x86.Build.0 = Debug|Win32
		{2BF66E90-9400-4E5B-84C2-846066F69FB1}.Release|x64.ActiveCfg = Release|x64
		{2BF66E90-9400-4E5B-84C2-846066F69FB1}.Release|x64.Build.0 = Release|x64
		{2BF66E90-9400-4E5B-84C2-846066F69FB1}.Release|x86.ActiveCfg = Release|Win32
		{2BF66E90-9400-4E5B-84C2-846066F69FB1}.Release|x86.Build.0 = Release|Win32
		{C8D5E886-E351-456D-9FBE-F948EEC62A3A}.Debug|x64.ActiveCfg = Debug|x64
		{C8D5E886-E351-456D-9FBE-F948EEC62A3A}.Debug|x64.Build.0 = Debug|x64
		{C8D5E886-E351-456D-9FBE-F948EEC62A3A}.Debug|x86.ActiveCfg = Debug|Win32
		{C8D5E886-E351-456D-9FBE-F948EEC62A3A}.Debug|x86.Build.0 = Debug|Win32
		{C8D5E886-E351-456D-9FBE-F948EEC62A3A}.Release|x64.ActiveCfg = Release|x64
		{C8D5E886-E351-456D-9FBE-F948EEC62A3A}.Release|x64.Build.0 = Release|x64
		{C8D5E886-E351-456D-9FBE-F948EEC62A3A}.Release|x86.ActiveCfg = Release|Win32
		{C8D5E886-E351-456D-9FBE-F948EEC62A3A}.Release|x86.Build.0 = Release|Win32
		{ED6BC8FD-1267-4395-9104-A949E9BAA3C2}.Debug|x64.ActiveCfg = Debug|x64
		{ED6BC8FD-1267-4395-9104-A949E9BAA3C2}.Debug|x64.Build.0 = Debug|x64
		{ED6BC8FD-1267-4395-9104-A949E9BAA3C2}.Debug|x86.ActiveCfg = Debug|Win32
		{ED6BC8FD-1267-4395-9104-A949E9BAA3C2}.Debug|x86.Build.0 = Debug|Win32
		{ED6BC8FD-1267-4395-9104-A949E9BAA3C2}.Release|x64.ActiveCfg = Release|x64
		{ED6BC8FD-1267-4395-9104-A949E9BAA3C2}.Release|x64.Build.0 = Release|x64
		{ED6BC8FD-1267-4395-9104-A949E9BAA3C2}.Release|x86.ActiveCfg = Release|Win32
		{ED6BC8FD-1267-4395-9104-A949E9BAA3C2}.Release|x86.Build.0 = Release|Win32
	EndGlobalSection
	GlobalSection(SolutionProperties) = preSolution
		HideSolutionNode = FALSE
	EndGlobalSection
	GlobalSection(ExtensibilityGlobals) = postSolution
		SolutionGuid = {1BD11110-3A77-4F19-8CD1-BEA4E900331E}
	EndGlobalSection
EndGlobal
